
Microsoft Visual Studio Solution File, Format Version 12.00
# Visual Studio Version 17
VisualStudioVersion = 17.2.32616.157
MinimumVisualStudioVersion = 10.0.40219.1
Project("{FAE04EC0-301F-11D3-BF4B-00C04F79EFBC}") = "CoreBlog", "CoreDemo\CoreBlog.csproj", "{F1ADBD42-98EB-4BFB-9807-4F49F81BFA19}"
EndProject
Project("{FAE04EC0-301F-11D3-BF4B-00C04F79EFBC}") = "EntityLayer", "EntityLayer\EntityLayer.csproj", "{F14EE7D3-518A-4747-9C6A-F4A2A697919A}"
EndProject
Project("{FAE04EC0-301F-11D3-BF4B-00C04F79EFBC}") = "DataAccessLayer", "DataAccessLayer\DataAccessLayer.csproj", "{0267DBA2-28A8-4B73-A326-595A091563C3}"
EndProject
Project("{FAE04EC0-301F-11D3-BF4B-00C04F79EFBC}") = "BusinessLayer", "BusinessLayer\BusinessLayer.csproj", "{9BD7AEC5-BBD8-46DC-A0B1-8EDCAAF70598}"
EndProject
Project("{FAE04EC0-301F-11D3-BF4B-00C04F79EFBC}") = "CoreLayer", "CoreLayer\CoreLayer.csproj", "{AD4B6D6A-546F-4D98-8706-9C75E2F4F4A8}"
EndProject
Global
	GlobalSection(SolutionConfigurationPlatforms) = preSolution
		Debug|Any CPU = Debug|Any CPU
		Release|Any CPU = Release|Any CPU
	EndGlobalSection
	GlobalSection(ProjectConfigurationPlatforms) = postSolution
		{F1ADBD42-98EB-4BFB-9807-4F49F81BFA19}.Debug|Any CPU.ActiveCfg = Debug|Any CPU
		{F1ADBD42-98EB-4BFB-9807-4F49F81BFA19}.Debug|Any CPU.Build.0 = Debug|Any CPU
		{F1ADBD42-98EB-4BFB-9807-4F49F81BFA19}.Release|Any CPU.ActiveCfg = Release|Any CPU
		{F1ADBD42-98EB-4BFB-9807-4F49F81BFA19}.Release|Any CPU.Build.0 = Release|Any CPU
		{F14EE7D3-518A-4747-9C6A-F4A2A697919A}.Debug|Any CPU.ActiveCfg = Debug|Any CPU
		{F14EE7D3-518A-4747-9C6A-F4A2A697919A}.Debug|Any CPU.Build.0 = Debug|Any CPU
		{F14EE7D3-518A-4747-9C6A-F4A2A697919A}.Release|Any CPU.ActiveCfg = Release|Any CPU
		{F14EE7D3-518A-4747-9C6A-F4A2A697919A}.Release|Any CPU.Build.0 = Release|Any CPU
		{0267DBA2-28A8-4B73-A326-595A091563C3}.Debug|Any CPU.ActiveCfg = Debug|Any CPU
		{0267DBA2-28A8-4B73-A326-595A091563C3}.Debug|Any CPU.Build.0 = Debug|Any CPU
		{0267DBA2-28A8-4B73-A326-595A091563C3}.Release|Any CPU.ActiveCfg = Release|Any CPU
		{0267DBA2-28A8-4B73-A326-595A091563C3}.Release|Any CPU.Build.0 = Release|Any CPU
		{9BD7AEC5-BBD8-46DC-A0B1-8EDCAAF70598}.Debug|Any CPU.ActiveCfg = Debug|Any CPU
		{9BD7AEC5-BBD8-46DC-A0B1-8EDCAAF70598}.Debug|Any CPU.Build.0 = Debug|Any CPU
		{9BD7AEC5-BBD8-46DC-A0B1-8EDCAAF70598}.Release|Any CPU.ActiveCfg = Release|Any CPU
		{9BD7AEC5-BBD8-46DC-A0B1-8EDCAAF70598}.Release|Any CPU.Build.0 = Release|Any CPU
		{AD4B6D6A-546F-4D98-8706-9C75E2F4F4A8}.Debug|Any CPU.ActiveCfg = Debug|Any CPU
		{AD4B6D6A-546F-4D98-8706-9C75E2F4F4A8}.Debug|Any CPU.Build.0 = Debug|Any CPU
		{AD4B6D6A-546F-4D98-8706-9C75E2F4F4A8}.Release|Any CPU.ActiveCfg = Release|Any CPU
		{AD4B6D6A-546F-4D98-8706-9C75E2F4F4A8}.Release|Any CPU.Build.0 = Release|Any CPU
	EndGlobalSection
	GlobalSection(SolutionProperties) = preSolution
		HideSolutionNode = FALSE
	EndGlobalSection
	GlobalSection(ExtensibilityGlobals) = postSolution
		SolutionGuid = {F6B0E70E-69C8-46FA-A900-3D7D426E9796}
	EndGlobalSection
EndGlobal
